
Microsoft Visual Studio Solution File, Format Version 12.00
# Visual Studio 15
VisualStudioVersion = 15.0.28010.2019
MinimumVisualStudioVersion = 10.0.40219.1
Project("{9A19103F-16F7-4668-BE54-9A1E7A4F7556}") = "restore", "restore.csproj", "{DA4918B7-F58A-4C87-99B0-91B8FF69D96B}"
EndProject
Global
	GlobalSection(SolutionConfigurationPlatforms) = preSolution
		Debug|Any CPU = Debug|Any CPU
		Release|Any CPU = Release|Any CPU
	EndGlobalSection
	GlobalSection(ProjectConfigurationPlatforms) = postSolution
		{DA4918B7-F58A-4C87-99B0-91B8FF69D96B}.Debug|Any CPU.ActiveCfg = Debug|Any CPU
		{DA4918B7-F58A-4C87-99B0-91B8FF69D96B}.Debug|Any CPU.Build.0 = Debug|Any CPU
		{DA4918B7-F58A-4C87-99B0-91B8FF69D96B}.Release|Any CPU.ActiveCfg = Release|Any CPU
		{DA4918B7-F58A-4C87-99B0-91B8FF69D96B}.Release|Any CPU.Build.0 = Release|Any CPU
	EndGlobalSection
	GlobalSection(SolutionProperties) = preSolution
		HideSolutionNode = FALSE
	EndGlobalSection
	GlobalSection(ExtensibilityGlobals) = postSolution
		SolutionGuid = {234EFC32-60A4-4759-8E0B-F88E6BD04508}
	EndGlobalSection
EndGlobal
